// !$*UTF8*$!
{
	archiveVersion = 1;
	classes = {
	};
	objectVersion = 56;
	objects = {

/* Begin PBXBuildFile section */
		B8AA49572BB74FF1009CB243 /* WelcomeView.swift in Sources */ = {isa = PBXBuildFile; fileRef = B8AA49562BB74FF1009CB243 /* WelcomeView.swift */; };
		B8AA49712BB7551C009CB243 /* PlaylistDetailView.swift in Sources */ = {isa = PBXBuildFile; fileRef = B8AA49702BB7551C009CB243 /* PlaylistDetailView.swift */; };
		B8AA49752BB75555009CB243 /* HomeNavigationStack.swift in Sources */ = {isa = PBXBuildFile; fileRef = B8AA49742BB75555009CB243 /* HomeNavigationStack.swift */; };
		B8AA49772BB75562009CB243 /* SearchNavigationStack.swift in Sources */ = {isa = PBXBuildFile; fileRef = B8AA49762BB75562009CB243 /* SearchNavigationStack.swift */; };
		B8AA497A2BB75803009CB243 /* PlaylistRow.swift in Sources */ = {isa = PBXBuildFile; fileRef = B8AA49792BB75803009CB243 /* PlaylistRow.swift */; };
		B8AA497D2BB7584F009CB243 /* MusicItemCell.swift in Sources */ = {isa = PBXBuildFile; fileRef = B8AA497C2BB7584F009CB243 /* MusicItemCell.swift */; };
		B8AA497F2BB7595C009CB243 /* MusicLibraryManager.swift in Sources */ = {isa = PBXBuildFile; fileRef = B8AA497E2BB7595C009CB243 /* MusicLibraryManager.swift */; };
		B8BD02EB2BB6580C0030DA0B /* IoApp.swift in Sources */ = {isa = PBXBuildFile; fileRef = B8BD02EA2BB6580C0030DA0B /* IoApp.swift */; };
		B8BD02ED2BB6580C0030DA0B /* ContentView.swift in Sources */ = {isa = PBXBuildFile; fileRef = B8BD02EC2BB6580C0030DA0B /* ContentView.swift */; };
		B8BD02EF2BB6580D0030DA0B /* Assets.xcassets in Resources */ = {isa = PBXBuildFile; fileRef = B8BD02EE2BB6580D0030DA0B /* Assets.xcassets */; };
		B8BD02F22BB6580D0030DA0B /* Preview Assets.xcassets in Resources */ = {isa = PBXBuildFile; fileRef = B8BD02F12BB6580D0030DA0B /* Preview Assets.xcassets */; };
		B8BD02FE2BB742960030DA0B /* AppSidebar.swift in Sources */ = {isa = PBXBuildFile; fileRef = B8BD02FD2BB742960030DA0B /* AppSidebar.swift */; };
		B8BD03002BB7429F0030DA0B /* AppDetailColumn.swift in Sources */ = {isa = PBXBuildFile; fileRef = B8BD02FF2BB7429F0030DA0B /* AppDetailColumn.swift */; };
		B8BD03042BB744760030DA0B /* PlayerView.swift in Sources */ = {isa = PBXBuildFile; fileRef = B8BD03032BB744760030DA0B /* PlayerView.swift */; };
		B8BD03062BB746F50030DA0B /* Navigator.swift in Sources */ = {isa = PBXBuildFile; fileRef = B8BD03052BB746F50030DA0B /* Navigator.swift */; };
		B8BD03082BB747300030DA0B /* AppScreen.swift in Sources */ = {isa = PBXBuildFile; fileRef = B8BD03072BB747300030DA0B /* AppScreen.swift */; };
/* End PBXBuildFile section */

/* Begin PBXFileReference section */
		B8AA49562BB74FF1009CB243 /* WelcomeView.swift */ = {isa = PBXFileReference; lastKnownFileType = sourcecode.swift; path = WelcomeView.swift; sourceTree = "<group>"; };
		B8AA49702BB7551C009CB243 /* PlaylistDetailView.swift */ = {isa = PBXFileReference; lastKnownFileType = sourcecode.swift; path = PlaylistDetailView.swift; sourceTree = "<group>"; };
		B8AA49742BB75555009CB243 /* HomeNavigationStack.swift */ = {isa = PBXFileReference; lastKnownFileType = sourcecode.swift; path = HomeNavigationStack.swift; sourceTree = "<group>"; };
		B8AA49762BB75562009CB243 /* SearchNavigationStack.swift */ = {isa = PBXFileReference; lastKnownFileType = sourcecode.swift; path = SearchNavigationStack.swift; sourceTree = "<group>"; };
		B8AA49792BB75803009CB243 /* PlaylistRow.swift */ = {isa = PBXFileReference; lastKnownFileType = sourcecode.swift; path = PlaylistRow.swift; sourceTree = "<group>"; };
		B8AA497C2BB7584F009CB243 /* MusicItemCell.swift */ = {isa = PBXFileReference; lastKnownFileType = sourcecode.swift; path = MusicItemCell.swift; sourceTree = "<group>"; };
		B8AA497E2BB7595C009CB243 /* MusicLibraryManager.swift */ = {isa = PBXFileReference; lastKnownFileType = sourcecode.swift; path = MusicLibraryManager.swift; sourceTree = "<group>"; };
		B8BD02E72BB6580C0030DA0B /* Io.app */ = {isa = PBXFileReference; explicitFileType = wrapper.application; includeInIndex = 0; path = Io.app; sourceTree = BUILT_PRODUCTS_DIR; };
		B8BD02EA2BB6580C0030DA0B /* IoApp.swift */ = {isa = PBXFileReference; lastKnownFileType = sourcecode.swift; path = IoApp.swift; sourceTree = "<group>"; };
		B8BD02EC2BB6580C0030DA0B /* ContentView.swift */ = {isa = PBXFileReference; lastKnownFileType = sourcecode.swift; path = ContentView.swift; sourceTree = "<group>"; };
		B8BD02EE2BB6580D0030DA0B /* Assets.xcassets */ = {isa = PBXFileReference; lastKnownFileType = folder.assetcatalog; path = Assets.xcassets; sourceTree = "<group>"; };
		B8BD02F12BB6580D0030DA0B /* Preview Assets.xcassets */ = {isa = PBXFileReference; lastKnownFileType = folder.assetcatalog; path = "Preview Assets.xcassets"; sourceTree = "<group>"; };
		B8BD02F32BB6580D0030DA0B /* Io.entitlements */ = {isa = PBXFileReference; lastKnownFileType = text.plist.entitlements; path = Io.entitlements; sourceTree = "<group>"; };
		B8BD02FD2BB742960030DA0B /* AppSidebar.swift */ = {isa = PBXFileReference; lastKnownFileType = sourcecode.swift; path = AppSidebar.swift; sourceTree = "<group>"; };
		B8BD02FF2BB7429F0030DA0B /* AppDetailColumn.swift */ = {isa = PBXFileReference; lastKnownFileType = sourcecode.swift; path = AppDetailColumn.swift; sourceTree = "<group>"; };
		B8BD03032BB744760030DA0B /* PlayerView.swift */ = {isa = PBXFileReference; lastKnownFileType = sourcecode.swift; path = PlayerView.swift; sourceTree = "<group>"; };
		B8BD03052BB746F50030DA0B /* Navigator.swift */ = {isa = PBXFileReference; lastKnownFileType = sourcecode.swift; path = Navigator.swift; sourceTree = "<group>"; };
		B8BD03072BB747300030DA0B /* AppScreen.swift */ = {isa = PBXFileReference; lastKnownFileType = sourcecode.swift; path = AppScreen.swift; sourceTree = "<group>"; };
/* End PBXFileReference section */

/* Begin PBXFrameworksBuildPhase section */
		B8BD02E42BB6580C0030DA0B /* Frameworks */ = {
			isa = PBXFrameworksBuildPhase;
			buildActionMask = 2147483647;
			files = (
			);
			runOnlyForDeploymentPostprocessing = 0;
		};
/* End PBXFrameworksBuildPhase section */

/* Begin PBXGroup section */
		B8AA496F2BB7550A009CB243 /* Playlist */ = {
			isa = PBXGroup;
			children = (
				B8AA49702BB7551C009CB243 /* PlaylistDetailView.swift */,
				B8AA49792BB75803009CB243 /* PlaylistRow.swift */,
			);
			path = Playlist;
			sourceTree = "<group>";
		};
		B8AA49722BB75540009CB243 /* Home */ = {
			isa = PBXGroup;
			children = (
				B8AA49742BB75555009CB243 /* HomeNavigationStack.swift */,
			);
			path = Home;
			sourceTree = "<group>";
		};
		B8AA49732BB75542009CB243 /* Search */ = {
			isa = PBXGroup;
			children = (
				B8AA49762BB75562009CB243 /* SearchNavigationStack.swift */,
			);
			path = Search;
			sourceTree = "<group>";
		};
		B8AA49782BB756FF009CB243 /* Library */ = {
			isa = PBXGroup;
			children = (
				B8AA497E2BB7595C009CB243 /* MusicLibraryManager.swift */,
			);
			path = Library;
			sourceTree = "<group>";
		};
		B8AA497B2BB7583F009CB243 /* Components */ = {
			isa = PBXGroup;
			children = (
				B8AA497C2BB7584F009CB243 /* MusicItemCell.swift */,
			);
			path = Components;
			sourceTree = "<group>";
		};
		B8BD02DE2BB6580C0030DA0B = {
			isa = PBXGroup;
			children = (
				B8BD02E92BB6580C0030DA0B /* Io */,
				B8BD02E82BB6580C0030DA0B /* Products */,
			);
			sourceTree = "<group>";
		};
		B8BD02E82BB6580C0030DA0B /* Products */ = {
			isa = PBXGroup;
			children = (
				B8BD02E72BB6580C0030DA0B /* Io.app */,
			);
			name = Products;
			sourceTree = "<group>";
		};
		B8BD02E92BB6580C0030DA0B /* Io */ = {
			isa = PBXGroup;
			children = (
				B8BD02EE2BB6580D0030DA0B /* Assets.xcassets */,
				B8BD02F32BB6580D0030DA0B /* Io.entitlements */,
				B8BD02F02BB6580D0030DA0B /* Preview Content */,
				B8BD02EA2BB6580C0030DA0B /* IoApp.swift */,
				B8BD02EC2BB6580C0030DA0B /* ContentView.swift */,
				B8AA49562BB74FF1009CB243 /* WelcomeView.swift */,
				B8BD02FB2BB740B10030DA0B /* Navigation */,
				B8AA49722BB75540009CB243 /* Home */,
				B8AA49732BB75542009CB243 /* Search */,
				B8AA49782BB756FF009CB243 /* Library */,
				B8AA496F2BB7550A009CB243 /* Playlist */,
				B8AA497B2BB7583F009CB243 /* Components */,
				B8BD02FC2BB740CF0030DA0B /* Player */,
			);
			path = Io;
			sourceTree = "<group>";
		};
		B8BD02F02BB6580D0030DA0B /* Preview Content */ = {
			isa = PBXGroup;
			children = (
				B8BD02F12BB6580D0030DA0B /* Preview Assets.xcassets */,
			);
			path = "Preview Content";
			sourceTree = "<group>";
		};
		B8BD02FB2BB740B10030DA0B /* Navigation */ = {
			isa = PBXGroup;
			children = (
				B8BD03052BB746F50030DA0B /* Navigator.swift */,
				B8BD03072BB747300030DA0B /* AppScreen.swift */,
				B8BD02FD2BB742960030DA0B /* AppSidebar.swift */,
				B8BD02FF2BB7429F0030DA0B /* AppDetailColumn.swift */,
			);
			path = Navigation;
			sourceTree = "<group>";
		};
		B8BD02FC2BB740CF0030DA0B /* Player */ = {
			isa = PBXGroup;
			children = (
				B8BD03032BB744760030DA0B /* PlayerView.swift */,
			);
			path = Player;
			sourceTree = "<group>";
		};
/* End PBXGroup section */

/* Begin PBXNativeTarget section */
		B8BD02E62BB6580C0030DA0B /* Io */ = {
			isa = PBXNativeTarget;
			buildConfigurationList = B8BD02F62BB6580D0030DA0B /* Build configuration list for PBXNativeTarget "Io" */;
			buildPhases = (
				B8BD02E32BB6580C0030DA0B /* Sources */,
				B8BD02E42BB6580C0030DA0B /* Frameworks */,
				B8BD02E52BB6580C0030DA0B /* Resources */,
			);
			buildRules = (
			);
			dependencies = (
			);
			name = Io;
			productName = Io;
			productReference = B8BD02E72BB6580C0030DA0B /* Io.app */;
			productType = "com.apple.product-type.application";
		};
/* End PBXNativeTarget section */

/* Begin PBXProject section */
		B8BD02DF2BB6580C0030DA0B /* Project object */ = {
			isa = PBXProject;
			attributes = {
				BuildIndependentTargetsInParallel = 1;
				LastSwiftUpdateCheck = 1530;
				LastUpgradeCheck = 1530;
				TargetAttributes = {
					B8BD02E62BB6580C0030DA0B = {
						CreatedOnToolsVersion = 15.3;
					};
				};
			};
			buildConfigurationList = B8BD02E22BB6580C0030DA0B /* Build configuration list for PBXProject "Io" */;
			compatibilityVersion = "Xcode 14.0";
			developmentRegion = en;
			hasScannedForEncodings = 0;
			knownRegions = (
				en,
				Base,
			);
			mainGroup = B8BD02DE2BB6580C0030DA0B;
			productRefGroup = B8BD02E82BB6580C0030DA0B /* Products */;
			projectDirPath = "";
			projectRoot = "";
			targets = (
				B8BD02E62BB6580C0030DA0B /* Io */,
			);
		};
/* End PBXProject section */

/* Begin PBXResourcesBuildPhase section */
		B8BD02E52BB6580C0030DA0B /* Resources */ = {
			isa = PBXResourcesBuildPhase;
			buildActionMask = 2147483647;
			files = (
				B8BD02F22BB6580D0030DA0B /* Preview Assets.xcassets in Resources */,
				B8BD02EF2BB6580D0030DA0B /* Assets.xcassets in Resources */,
			);
			runOnlyForDeploymentPostprocessing = 0;
		};
/* End PBXResourcesBuildPhase section */

/* Begin PBXSourcesBuildPhase section */
		B8BD02E32BB6580C0030DA0B /* Sources */ = {
			isa = PBXSourcesBuildPhase;
			buildActionMask = 2147483647;
			files = (
				B8BD02ED2BB6580C0030DA0B /* ContentView.swift in Sources */,
				B8AA49752BB75555009CB243 /* HomeNavigationStack.swift in Sources */,
				B8AA497D2BB7584F009CB243 /* MusicItemCell.swift in Sources */,
				B8AA497A2BB75803009CB243 /* PlaylistRow.swift in Sources */,
				B8BD03082BB747300030DA0B /* AppScreen.swift in Sources */,
				B8BD02EB2BB6580C0030DA0B /* IoApp.swift in Sources */,
				B8AA49712BB7551C009CB243 /* PlaylistDetailView.swift in Sources */,
				B8AA497F2BB7595C009CB243 /* MusicLibraryManager.swift in Sources */,
				B8AA49572BB74FF1009CB243 /* WelcomeView.swift in Sources */,
				B8BD03002BB7429F0030DA0B /* AppDetailColumn.swift in Sources */,
				B8BD03042BB744760030DA0B /* PlayerView.swift in Sources */,
				B8AA49772BB75562009CB243 /* SearchNavigationStack.swift in Sources */,
				B8BD02FE2BB742960030DA0B /* AppSidebar.swift in Sources */,
				B8BD03062BB746F50030DA0B /* Navigator.swift in Sources */,
			);
			runOnlyForDeploymentPostprocessing = 0;
		};
/* End PBXSourcesBuildPhase section */

/* Begin XCBuildConfiguration section */
		B8BD02F42BB6580D0030DA0B /* Debug */ = {
			isa = XCBuildConfiguration;
			buildSettings = {
				ALWAYS_SEARCH_USER_PATHS = NO;
				ASSETCATALOG_COMPILER_GENERATE_SWIFT_ASSET_SYMBOL_EXTENSIONS = YES;
				CLANG_ANALYZER_NONNULL = YES;
				CLANG_ANALYZER_NUMBER_OBJECT_CONVERSION = YES_AGGRESSIVE;
				CLANG_CXX_LANGUAGE_STANDARD = "gnu++20";
				CLANG_ENABLE_MODULES = YES;
				CLANG_ENABLE_OBJC_ARC = YES;
				CLANG_ENABLE_OBJC_WEAK = YES;
				CLANG_WARN_BLOCK_CAPTURE_AUTORELEASING = YES;
				CLANG_WARN_BOOL_CONVERSION = YES;
				CLANG_WARN_COMMA = YES;
				CLANG_WARN_CONSTANT_CONVERSION = YES;
				CLANG_WARN_DEPRECATED_OBJC_IMPLEMENTATIONS = YES;
				CLANG_WARN_DIRECT_OBJC_ISA_USAGE = YES_ERROR;
				CLANG_WARN_DOCUMENTATION_COMMENTS = YES;
				CLANG_WARN_EMPTY_BODY = YES;
				CLANG_WARN_ENUM_CONVERSION = YES;
				CLANG_WARN_INFINITE_RECURSION = YES;
				CLANG_WARN_INT_CONVERSION = YES;
				CLANG_WARN_NON_LITERAL_NULL_CONVERSION = YES;
				CLANG_WARN_OBJC_IMPLICIT_RETAIN_SELF = YES;
				CLANG_WARN_OBJC_LITERAL_CONVERSION = YES;
				CLANG_WARN_OBJC_ROOT_CLASS = YES_ERROR;
				CLANG_WARN_QUOTED_INCLUDE_IN_FRAMEWORK_HEADER = YES;
				CLANG_WARN_RANGE_LOOP_ANALYSIS = YES;
				CLANG_WARN_STRICT_PROTOTYPES = YES;
				CLANG_WARN_SUSPICIOUS_MOVE = YES;
				CLANG_WARN_UNGUARDED_AVAILABILITY = YES_AGGRESSIVE;
				CLANG_WARN_UNREACHABLE_CODE = YES;
				CLANG_WARN__DUPLICATE_METHOD_MATCH = YES;
				COPY_PHASE_STRIP = NO;
				DEBUG_INFORMATION_FORMAT = dwarf;
				ENABLE_STRICT_OBJC_MSGSEND = YES;
				ENABLE_TESTABILITY = YES;
				ENABLE_USER_SCRIPT_SANDBOXING = YES;
				GCC_C_LANGUAGE_STANDARD = gnu17;
				GCC_DYNAMIC_NO_PIC = NO;
				GCC_NO_COMMON_BLOCKS = YES;
				GCC_OPTIMIZATION_LEVEL = 0;
				GCC_PREPROCESSOR_DEFINITIONS = (
					"DEBUG=1",
					"$(inherited)",
				);
				GCC_WARN_64_TO_32_BIT_CONVERSION = YES;
				GCC_WARN_ABOUT_RETURN_TYPE = YES_ERROR;
				GCC_WARN_UNDECLARED_SELECTOR = YES;
				GCC_WARN_UNINITIALIZED_AUTOS = YES_AGGRESSIVE;
				GCC_WARN_UNUSED_FUNCTION = YES;
				GCC_WARN_UNUSED_VARIABLE = YES;
				LOCALIZATION_PREFERS_STRING_CATALOGS = YES;
				MACOSX_DEPLOYMENT_TARGET = 14.4;
				MTL_ENABLE_DEBUG_INFO = INCLUDE_SOURCE;
				MTL_FAST_MATH = YES;
				ONLY_ACTIVE_ARCH = YES;
				SDKROOT = macosx;
				SWIFT_ACTIVE_COMPILATION_CONDITIONS = "DEBUG $(inherited)";
				SWIFT_OPTIMIZATION_LEVEL = "-Onone";
			};
			name = Debug;
		};
		B8BD02F52BB6580D0030DA0B /* Release */ = {
			isa = XCBuildConfiguration;
			buildSettings = {
				ALWAYS_SEARCH_USER_PATHS = NO;
				ASSETCATALOG_COMPILER_GENERATE_SWIFT_ASSET_SYMBOL_EXTENSIONS = YES;
				CLANG_ANALYZER_NONNULL = YES;
				CLANG_ANALYZER_NUMBER_OBJECT_CONVERSION = YES_AGGRESSIVE;
				CLANG_CXX_LANGUAGE_STANDARD = "gnu++20";
				CLANG_ENABLE_MODULES = YES;
				CLANG_ENABLE_OBJC_ARC = YES;
				CLANG_ENABLE_OBJC_WEAK = YES;
				CLANG_WARN_BLOCK_CAPTURE_AUTORELEASING = YES;
				CLANG_WARN_BOOL_CONVERSION = YES;
				CLANG_WARN_COMMA = YES;
				CLANG_WARN_CONSTANT_CONVERSION = YES;
				CLANG_WARN_DEPRECATED_OBJC_IMPLEMENTATIONS = YES;
				CLANG_WARN_DIRECT_OBJC_ISA_USAGE = YES_ERROR;
				CLANG_WARN_DOCUMENTATION_COMMENTS = YES;
				CLANG_WARN_EMPTY_BODY = YES;
				CLANG_WARN_ENUM_CONVERSION = YES;
				CLANG_WARN_INFINITE_RECURSION = YES;
				CLANG_WARN_INT_CONVERSION = YES;
				CLANG_WARN_NON_LITERAL_NULL_CONVERSION = YES;
				CLANG_WARN_OBJC_IMPLICIT_RETAIN_SELF = YES;
				CLANG_WARN_OBJC_LITERAL_CONVERSION = YES;
				CLANG_WARN_OBJC_ROOT_CLASS = YES_ERROR;
				CLANG_WARN_QUOTED_INCLUDE_IN_FRAMEWORK_HEADER = YES;
				CLANG_WARN_RANGE_LOOP_ANALYSIS = YES;
				CLANG_WARN_STRICT_PROTOTYPES = YES;
				CLANG_WARN_SUSPICIOUS_MOVE = YES;
				CLANG_WARN_UNGUARDED_AVAILABILITY = YES_AGGRESSIVE;
				CLANG_WARN_UNREACHABLE_CODE = YES;
				CLANG_WARN__DUPLICATE_METHOD_MATCH = YES;
				COPY_PHASE_STRIP = NO;
				DEBUG_INFORMATION_FORMAT = "dwarf-with-dsym";
				ENABLE_NS_ASSERTIONS = NO;
				ENABLE_STRICT_OBJC_MSGSEND = YES;
				ENABLE_USER_SCRIPT_SANDBOXING = YES;
				GCC_C_LANGUAGE_STANDARD = gnu17;
				GCC_NO_COMMON_BLOCKS = YES;
				GCC_WARN_64_TO_32_BIT_CONVERSION = YES;
				GCC_WARN_ABOUT_RETURN_TYPE = YES_ERROR;
				GCC_WARN_UNDECLARED_SELECTOR = YES;
				GCC_WARN_UNINITIALIZED_AUTOS = YES_AGGRESSIVE;
				GCC_WARN_UNUSED_FUNCTION = YES;
				GCC_WARN_UNUSED_VARIABLE = YES;
				LOCALIZATION_PREFERS_STRING_CATALOGS = YES;
				MACOSX_DEPLOYMENT_TARGET = 14.4;
				MTL_ENABLE_DEBUG_INFO = NO;
				MTL_FAST_MATH = YES;
				SDKROOT = macosx;
				SWIFT_COMPILATION_MODE = wholemodule;
			};
			name = Release;
		};
		B8BD02F72BB6580D0030DA0B /* Debug */ = {
			isa = XCBuildConfiguration;
			buildSettings = {
				ASSETCATALOG_COMPILER_APPICON_NAME = AppIcon;
				ASSETCATALOG_COMPILER_GLOBAL_ACCENT_COLOR_NAME = AccentColor;
				CODE_SIGN_ENTITLEMENTS = Io/Io.entitlements;
				CODE_SIGN_STYLE = Automatic;
				COMBINE_HIDPI_IMAGES = YES;
				CURRENT_PROJECT_VERSION = 1;
				DEVELOPMENT_ASSET_PATHS = "\"Io/Preview Content\"";
				DEVELOPMENT_TEAM = HV69QD4SV2;
				ENABLE_HARDENED_RUNTIME = YES;
				ENABLE_PREVIEWS = YES;
				GENERATE_INFOPLIST_FILE = YES;
				INFOPLIST_KEY_NSAppleMusicUsageDescription = "Io uses Apple Music to help you listen to music.";
				INFOPLIST_KEY_NSHumanReadableCopyright = "";
				LD_RUNPATH_SEARCH_PATHS = (
					"$(inherited)",
					"@executable_path/../Frameworks",
				);
				MARKETING_VERSION = 1.0;
				PRODUCT_BUNDLE_IDENTIFIER = "Carson-Gross.Io";
				PRODUCT_NAME = "$(TARGET_NAME)";
				SWIFT_EMIT_LOC_STRINGS = YES;
				SWIFT_VERSION = 5.0;
			};
			name = Debug;
		};
		B8BD02F82BB6580D0030DA0B /* Release */ = {
			isa = XCBuildConfiguration;
			buildSettings = {
				ASSETCATALOG_COMPILER_APPICON_NAME = AppIcon;
				ASSETCATALOG_COMPILER_GLOBAL_ACCENT_COLOR_NAME = AccentColor;
				CODE_SIGN_ENTITLEMENTS = Io/Io.entitlements;
				CODE_SIGN_STYLE = Automatic;
				COMBINE_HIDPI_IMAGES = YES;
				CURRENT_PROJECT_VERSION = 1;
				DEVELOPMENT_ASSET_PATHS = "\"Io/Preview Content\"";
				DEVELOPMENT_TEAM = HV69QD4SV2;
				ENABLE_HARDENED_RUNTIME = YES;
				ENABLE_PREVIEWS = YES;
				GENERATE_INFOPLIST_FILE = YES;
				INFOPLIST_KEY_NSAppleMusicUsageDescription = "Io uses Apple Music to help you listen to music.";
				INFOPLIST_KEY_NSHumanReadableCopyright = "";
				LD_RUNPATH_SEARCH_PATHS = (
					"$(inherited)",
					"@executable_path/../Frameworks",
				);
				MARKETING_VERSION = 1.0;
				PRODUCT_BUNDLE_IDENTIFIER = "Carson-Gross.Io";
				PRODUCT_NAME = "$(TARGET_NAME)";
				SWIFT_EMIT_LOC_STRINGS = YES;
				SWIFT_VERSION = 5.0;
			};
			name = Release;
		};
/* End XCBuildConfiguration section */

/* Begin XCConfigurationList section */
		B8BD02E22BB6580C0030DA0B /* Build configuration list for PBXProject "Io" */ = {
			isa = XCConfigurationList;
			buildConfigurations = (
				B8BD02F42BB6580D0030DA0B /* Debug */,
				B8BD02F52BB6580D0030DA0B /* Release */,
			);
			defaultConfigurationIsVisible = 0;
			defaultConfigurationName = Release;
		};
		B8BD02F62BB6580D0030DA0B /* Build configuration list for PBXNativeTarget "Io" */ = {
			isa = XCConfigurationList;
			buildConfigurations = (
				B8BD02F72BB6580D0030DA0B /* Debug */,
				B8BD02F82BB6580D0030DA0B /* Release */,
			);
			defaultConfigurationIsVisible = 0;
			defaultConfigurationName = Release;
		};
/* End XCConfigurationList section */
	};
	rootObject = B8BD02DF2BB6580C0030DA0B /* Project object */;
}
